
Microsoft Visual Studio Solution File, Format Version 12.00
# Visual Studio Version 16
VisualStudioVersion = 16.0.29409.12
MinimumVisualStudioVersion = 10.0.40219.1
Project("{FAE04EC0-301F-11D3-BF4B-00C04F79EFBC}") = "SmartFitness.BL", "SmartFitness.BL\SmartFitness.BL.csproj", "{055D4FE7-901E-4204-AB85-5641DDED19AC}"
EndProject
Project("{FAE04EC0-301F-11D3-BF4B-00C04F79EFBC}") = "SmartFitness.CMD", "SmartFitness.CMD\SmartFitness.CMD.csproj", "{3DFC3142-A636-4F08-B031-7F2713948BA1}"
EndProject
Project("{FAE04EC0-301F-11D3-BF4B-00C04F79EFBC}") = "SmartFitness.BLTests1", "SmartFitness.BLTests1\SmartFitness.BLTests1.csproj", "{4AFF9612-946E-4B81-BFD6-4A4A93B3EA21}"
EndProject
Global
	GlobalSection(SolutionConfigurationPlatforms) = preSolution
		Debug|Any CPU = Debug|Any CPU
		Release|Any CPU = Release|Any CPU
	EndGlobalSection
	GlobalSection(ProjectConfigurationPlatforms) = postSolution
		{055D4FE7-901E-4204-AB85-5641DDED19AC}.Debug|Any CPU.ActiveCfg = Debug|Any CPU
		{055D4FE7-901E-4204-AB85-5641DDED19AC}.Debug|Any CPU.Build.0 = Debug|Any CPU
		{055D4FE7-901E-4204-AB85-5641DDED19AC}.Release|Any CPU.ActiveCfg = Release|Any CPU
		{055D4FE7-901E-4204-AB85-5641DDED19AC}.Release|Any CPU.Build.0 = Release|Any CPU
		{3DFC3142-A636-4F08-B031-7F2713948BA1}.Debug|Any CPU.ActiveCfg = Debug|Any CPU
		{3DFC3142-A636-4F08-B031-7F2713948BA1}.Debug|Any CPU.Build.0 = Debug|Any CPU
		{3DFC3142-A636-4F08-B031-7F2713948BA1}.Release|Any CPU.ActiveCfg = Release|Any CPU
		{3DFC3142-A636-4F08-B031-7F2713948BA1}.Release|Any CPU.Build.0 = Release|Any CPU
		{4AFF9612-946E-4B81-BFD6-4A4A93B3EA21}.Debug|Any CPU.ActiveCfg = Debug|Any CPU
		{4AFF9612-946E-4B81-BFD6-4A4A93B3EA21}.Debug|Any CPU.Build.0 = Debug|Any CPU
		{4AFF9612-946E-4B81-BFD6-4A4A93B3EA21}.Release|Any CPU.ActiveCfg = Release|Any CPU
		{4AFF9612-946E-4B81-BFD6-4A4A93B3EA21}.Release|Any CPU.Build.0 = Release|Any CPU
	EndGlobalSection
	GlobalSection(SolutionProperties) = preSolution
		HideSolutionNode = FALSE
	EndGlobalSection
	GlobalSection(ExtensibilityGlobals) = postSolution
		SolutionGuid = {9E432D1A-1774-4ACB-87DA-ACC0F2A5A75C}
	EndGlobalSection
EndGlobal
